// !$*UTF8*$!
{
	archiveVersion = 1;
	classes = {
	};
	objectVersion = 46;
	objects = {

/* Begin PBXBuildFile section */
		363277C9199AB24E00FFD3D2 /* camera.png in Resources */ = {isa = PBXBuildFile; fileRef = 363277C8199AB24E00FFD3D2 /* camera.png */; };
		363277CB199AB25F00FFD3D2 /* noteIcon.png in Resources */ = {isa = PBXBuildFile; fileRef = 363277CA199AB25F00FFD3D2 /* noteIcon.png */; };
		36599CC81977004100463EC9 /* EENoteViewController.m in Sources */ = {isa = PBXBuildFile; fileRef = 36599CC61977004100463EC9 /* EENoteViewController.m */; };
		36599CD919784D6000463EC9 /* EEAnnotation.m in Sources */ = {isa = PBXBuildFile; fileRef = 36599CD819784D6000463EC9 /* EEAnnotation.m */; };
		36599CE21979B57700463EC9 /* EEStatsViewController.m in Sources */ = {isa = PBXBuildFile; fileRef = 36599CE01979B57700463EC9 /* EEStatsViewController.m */; };
		36B5E083198330C000A810BB /* EEStatsViewController.xib in Resources */ = {isa = PBXBuildFile; fileRef = 36B5E082198330C000A810BB /* EEStatsViewController.xib */; };
		36B5E0861983550500A810BB /* EELocationManager.m in Sources */ = {isa = PBXBuildFile; fileRef = 36B5E0851983550500A810BB /* EELocationManager.m */; };
		EB088E5C1978345D0025D62A /* AssetsLibrary.framework in Frameworks */ = {isa = PBXBuildFile; fileRef = EB088E5B1978345D0025D62A /* AssetsLibrary.framework */; };
		EB088E5F197840350025D62A /* EEMapsTableViewController.m in Sources */ = {isa = PBXBuildFile; fileRef = EB088E5E197840350025D62A /* EEMapsTableViewController.m */; };
		EB088E611978820B0025D62A /* ImageIO.framework in Frameworks */ = {isa = PBXBuildFile; fileRef = EB088E601978820B0025D62A /* ImageIO.framework */; };
		EB0BB639197593330036DBC8 /* EEMapStore.m in Sources */ = {isa = PBXBuildFile; fileRef = EB0BB638197593330036DBC8 /* EEMapStore.m */; };
		EB0D3D6B198AB7B000F57E81 /* EELoginViewController.m in Sources */ = {isa = PBXBuildFile; fileRef = EB0D3D6A198AB7B000F57E81 /* EELoginViewController.m */; };
		EB129260198FF5C90094CCF8 /* FBShareButton.png in Resources */ = {isa = PBXBuildFile; fileRef = EB12925F198FF5C90094CCF8 /* FBShareButton.png */; };
		EB1EF2CE1988700E00EADA8C /* Parse.framework in Frameworks */ = {isa = PBXBuildFile; fileRef = EB1EF2CD1988700E00EADA8C /* Parse.framework */; };
		EB1EF2D01988701C00EADA8C /* FacebookSDK.framework in Frameworks */ = {isa = PBXBuildFile; fileRef = EB1EF2CF1988701C00EADA8C /* FacebookSDK.framework */; };
		EB2C48431975F72B00E2C858 /* EESavedMapViewController.m in Sources */ = {isa = PBXBuildFile; fileRef = EB2C48411975F72B00E2C858 /* EESavedMapViewController.m */; };
		EB2C48441975F72B00E2C858 /* EESavedMapViewController.xib in Resources */ = {isa = PBXBuildFile; fileRef = EB2C48421975F72B00E2C858 /* EESavedMapViewController.xib */; };
		EB2CE884197ED26900FD514B /* EEAnnotationView.m in Sources */ = {isa = PBXBuildFile; fileRef = EB2CE883197ED26900FD514B /* EEAnnotationView.m */; };
		EB3DBF451982D47400A9C287 /* EEPinAnnotationView.m in Sources */ = {isa = PBXBuildFile; fileRef = EB3DBF441982D47400A9C287 /* EEPinAnnotationView.m */; };
		EB3E35521981B0AB0015DA25 /* EEDetailImageViewController.m in Sources */ = {isa = PBXBuildFile; fileRef = EB3E35511981B0AB0015DA25 /* EEDetailImageViewController.m */; };
		EB451D23197DE65E00A4BB25 /* EENoteViewController.xib in Resources */ = {isa = PBXBuildFile; fileRef = EB451D22197DE65E00A4BB25 /* EENoteViewController.xib */; };
		EB4CBA371975A27E008366A0 /* EEHomeViewController.m in Sources */ = {isa = PBXBuildFile; fileRef = EB4CBA351975A27E008366A0 /* EEHomeViewController.m */; };
		EB4CBA791975C4B3008366A0 /* EEMap.m in Sources */ = {isa = PBXBuildFile; fileRef = EB4CBA781975C4B3008366A0 /* EEMap.m */; };
		EB5AC1AB1974770C00CBF5C5 /* CoreLocation.framework in Frameworks */ = {isa = PBXBuildFile; fileRef = EB5AC1AA1974770C00CBF5C5 /* CoreLocation.framework */; };
		EB5F0846199AB461000E5BF5 /* EECustomTableViewCell.m in Sources */ = {isa = PBXBuildFile; fileRef = EB5F0845199AB461000E5BF5 /* EECustomTableViewCell.m */; };
		EB5F084C199AB8DE000E5BF5 /* EEAnnotationsTableViewController.m in Sources */ = {isa = PBXBuildFile; fileRef = EB5F084B199AB8DE000E5BF5 /* EEAnnotationsTableViewController.m */; };
		EB5F084E199AD00F000E5BF5 /* notePlaceholder.png in Resources */ = {isa = PBXBuildFile; fileRef = EB5F084D199AD00F000E5BF5 /* notePlaceholder.png */; };
		EB749D24199A8DA7000D7C1A /* mask.png in Resources */ = {isa = PBXBuildFile; fileRef = EB749D23199A8DA7000D7C1A /* mask.png */; };
		EB749D26199A93A5000D7C1A /* star.png in Resources */ = {isa = PBXBuildFile; fileRef = EB749D25199A93A5000D7C1A /* star.png */; };
		EB7EBB0119884E5B00B291B1 /* AudioToolbox.framework in Frameworks */ = {isa = PBXBuildFile; fileRef = EB7EBB0019884E5B00B291B1 /* AudioToolbox.framework */; };
		EB7EBB0319884E6300B291B1 /* Accounts.framework in Frameworks */ = {isa = PBXBuildFile; fileRef = EB7EBB0219884E6300B291B1 /* Accounts.framework */; };
		EB7EBB0519884E6900B291B1 /* AdSupport.framework in Frameworks */ = {isa = PBXBuildFile; fileRef = EB7EBB0419884E6900B291B1 /* AdSupport.framework */; };
		EB7EBB0719884E6F00B291B1 /* CFNetwork.framework in Frameworks */ = {isa = PBXBuildFile; fileRef = EB7EBB0619884E6F00B291B1 /* CFNetwork.framework */; };
		EB7EBB0919884E8200B291B1 /* MobileCoreServices.framework in Frameworks */ = {isa = PBXBuildFile; fileRef = EB7EBB0819884E8200B291B1 /* MobileCoreServices.framework */; };
		EB7EBB0B19884E9100B291B1 /* QuartzCore.framework in Frameworks */ = {isa = PBXBuildFile; fileRef = EB7EBB0A19884E9100B291B1 /* QuartzCore.framework */; };
		EB7EBB0D19884E9900B291B1 /* Security.framework in Frameworks */ = {isa = PBXBuildFile; fileRef = EB7EBB0C19884E9900B291B1 /* Security.framework */; };
		EB7EBB0F19884EA300B291B1 /* Social.framework in Frameworks */ = {isa = PBXBuildFile; fileRef = EB7EBB0E19884EA300B291B1 /* Social.framework */; };
		EB7EBB1219884EB300B291B1 /* StoreKit.framework in Frameworks */ = {isa = PBXBuildFile; fileRef = EB7EBB1019884EB300B291B1 /* StoreKit.framework */; };
		EB7EBB1319884EB300B291B1 /* SystemConfiguration.framework in Frameworks */ = {isa = PBXBuildFile; fileRef = EB7EBB1119884EB300B291B1 /* SystemConfiguration.framework */; };
		EB7EBB151988568000B291B1 /* FBLogin@2x.png in Resources */ = {isa = PBXBuildFile; fileRef = EB7EBB141988568000B291B1 /* FBLogin@2x.png */; };
		EB9252A8199D256B004AFF4D /* login.png in Resources */ = {isa = PBXBuildFile; fileRef = EB9252A7199D256B004AFF4D /* login.png */; };
		EB9252AA199D2574004AFF4D /* table.jpg in Resources */ = {isa = PBXBuildFile; fileRef = EB9252A9199D2574004AFF4D /* table.jpg */; };
		EB9252AC199D25B8004AFF4D /* bcGradient.png in Resources */ = {isa = PBXBuildFile; fileRef = EB9252AB199D25B8004AFF4D /* bcGradient.png */; };
		EB9252B0199D3082004AFF4D /* appIcon.png in Resources */ = {isa = PBXBuildFile; fileRef = EB9252AF199D3082004AFF4D /* appIcon.png */; };
		EB93DC6F199C51A5005F6C6A /* homeView.jpg in Resources */ = {isa = PBXBuildFile; fileRef = EB93DC6E199C51A5005F6C6A /* homeView.jpg */; };
		EB93DC75199C5853005F6C6A /* stats.jpg in Resources */ = {isa = PBXBuildFile; fileRef = EB93DC74199C5853005F6C6A /* stats.jpg */; };
		EB95F7F819883E6500542FF5 /* EECommunications.m in Sources */ = {isa = PBXBuildFile; fileRef = EB95F7F719883E6500542FF5 /* EECommunications.m */; };
		EBACAC1319742DE000DD0D96 /* Foundation.framework in Frameworks */ = {isa = PBXBuildFile; fileRef = EBACAC1219742DE000DD0D96 /* Foundation.framework */; };
		EBACAC1519742DE000DD0D96 /* CoreGraphics.framework in Frameworks */ = {isa = PBXBuildFile; fileRef = EBACAC1419742DE000DD0D96 /* CoreGraphics.framework */; };
		EBACAC1719742DE000DD0D96 /* UIKit.framework in Frameworks */ = {isa = PBXBuildFile; fileRef = EBACAC1619742DE000DD0D96 /* UIKit.framework */; };
		EBACAC1D19742DE000DD0D96 /* InfoPlist.strings in Resources */ = {isa = PBXBuildFile; fileRef = EBACAC1B19742DE000DD0D96 /* InfoPlist.strings */; };
		EBACAC1F19742DE000DD0D96 /* main.m in Sources */ = {isa = PBXBuildFile; fileRef = EBACAC1E19742DE000DD0D96 /* main.m */; };
		EBACAC2319742DE000DD0D96 /* EEAppDelegate.m in Sources */ = {isa = PBXBuildFile; fileRef = EBACAC2219742DE000DD0D96 /* EEAppDelegate.m */; };
		EBACAC2519742DE000DD0D96 /* Images.xcassets in Resources */ = {isa = PBXBuildFile; fileRef = EBACAC2419742DE000DD0D96 /* Images.xcassets */; };
		EBACAC2C19742DE000DD0D96 /* XCTest.framework in Frameworks */ = {isa = PBXBuildFile; fileRef = EBACAC2B19742DE000DD0D96 /* XCTest.framework */; };
		EBACAC2D19742DE000DD0D96 /* Foundation.framework in Frameworks */ = {isa = PBXBuildFile; fileRef = EBACAC1219742DE000DD0D96 /* Foundation.framework */; };
		EBACAC2E19742DE000DD0D96 /* UIKit.framework in Frameworks */ = {isa = PBXBuildFile; fileRef = EBACAC1619742DE000DD0D96 /* UIKit.framework */; };
		EBACAC3619742DE000DD0D96 /* InfoPlist.strings in Resources */ = {isa = PBXBuildFile; fileRef = EBACAC3419742DE000DD0D96 /* InfoPlist.strings */; };
		EBACAC3819742DE000DD0D96 /* MapJourneyTests.m in Sources */ = {isa = PBXBuildFile; fileRef = EBACAC3719742DE000DD0D96 /* MapJourneyTests.m */; };
		EBACAC4419742DF600DD0D96 /* EEMapViewController.m in Sources */ = {isa = PBXBuildFile; fileRef = EBACAC4219742DF600DD0D96 /* EEMapViewController.m */; };
		EBACAC4519742DF600DD0D96 /* EEMapViewController.xib in Resources */ = {isa = PBXBuildFile; fileRef = EBACAC4319742DF600DD0D96 /* EEMapViewController.xib */; };
		EBACAC4719742F3100DD0D96 /* MapKit.framework in Frameworks */ = {isa = PBXBuildFile; fileRef = EBACAC4619742F3100DD0D96 /* MapKit.framework */; };
		EBFD04FB1999D78700B68C0C /* startButton.png in Resources */ = {isa = PBXBuildFile; fileRef = EBFD04FA1999D78700B68C0C /* startButton.png */; };
		EBFD04FD1999D78D00B68C0C /* stopButton.png in Resources */ = {isa = PBXBuildFile; fileRef = EBFD04FC1999D78D00B68C0C /* stopButton.png */; };
/* End PBXBuildFile section */

/* Begin PBXContainerItemProxy section */
		EBACAC2F19742DE000DD0D96 /* PBXContainerItemProxy */ = {
			isa = PBXContainerItemProxy;
			containerPortal = EBACAC0719742DE000DD0D96 /* Project object */;
			proxyType = 1;
			remoteGlobalIDString = EBACAC0E19742DE000DD0D96;
			remoteInfo = MapJourney;
		};
/* End PBXContainerItemProxy section */

/* Begin PBXFileReference section */
		363277C8199AB24E00FFD3D2 /* camera.png */ = {isa = PBXFileReference; lastKnownFileType = image.png; path = camera.png; sourceTree = "<group>"; };
		363277CA199AB25F00FFD3D2 /* noteIcon.png */ = {isa = PBXFileReference; lastKnownFileType = image.png; path = noteIcon.png; sourceTree = "<group>"; };
		36599CC61977004100463EC9 /* EENoteViewController.m */ = {isa = PBXFileReference; fileEncoding = 4; lastKnownFileType = sourcecode.c.objc; path = EENoteViewController.m; sourceTree = "<group>"; };
		36599CD719784D6000463EC9 /* EEAnnotation.h */ = {isa = PBXFileReference; fileEncoding = 4; lastKnownFileType = sourcecode.c.h; path = EEAnnotation.h; sourceTree = "<group>"; };
		36599CD819784D6000463EC9 /* EEAnnotation.m */ = {isa = PBXFileReference; fileEncoding = 4; lastKnownFileType = sourcecode.c.objc; path = EEAnnotation.m; sourceTree = "<group>"; };
		36599CDF1979B57700463EC9 /* EEStatsViewController.h */ = {isa = PBXFileReference; fileEncoding = 4; lastKnownFileType = sourcecode.c.h; path = EEStatsViewController.h; sourceTree = "<group>"; };
		36599CE01979B57700463EC9 /* EEStatsViewController.m */ = {isa = PBXFileReference; fileEncoding = 4; lastKnownFileType = sourcecode.c.objc; path = EEStatsViewController.m; sourceTree = "<group>"; };
		36B5E082198330C000A810BB /* EEStatsViewController.xib */ = {isa = PBXFileReference; fileEncoding = 4; lastKnownFileType = file.xib; path = EEStatsViewController.xib; sourceTree = "<group>"; };
		36B5E0841983550500A810BB /* EELocationManager.h */ = {isa = PBXFileReference; fileEncoding = 4; lastKnownFileType = sourcecode.c.h; path = EELocationManager.h; sourceTree = "<group>"; };
		36B5E0851983550500A810BB /* EELocationManager.m */ = {isa = PBXFileReference; fileEncoding = 4; lastKnownFileType = sourcecode.c.objc; path = EELocationManager.m; sourceTree = "<group>"; };
		EB088E5B1978345D0025D62A /* AssetsLibrary.framework */ = {isa = PBXFileReference; lastKnownFileType = wrapper.framework; name = AssetsLibrary.framework; path = System/Library/Frameworks/AssetsLibrary.framework; sourceTree = SDKROOT; };
		EB088E5D197840350025D62A /* EEMapsTableViewController.h */ = {isa = PBXFileReference; fileEncoding = 4; lastKnownFileType = sourcecode.c.h; path = EEMapsTableViewController.h; sourceTree = "<group>"; };
		EB088E5E197840350025D62A /* EEMapsTableViewController.m */ = {isa = PBXFileReference; fileEncoding = 4; lastKnownFileType = sourcecode.c.objc; path = EEMapsTableViewController.m; sourceTree = "<group>"; };
		EB088E601978820B0025D62A /* ImageIO.framework */ = {isa = PBXFileReference; lastKnownFileType = wrapper.framework; name = ImageIO.framework; path = System/Library/Frameworks/ImageIO.framework; sourceTree = SDKROOT; };
		EB0BB637197593330036DBC8 /* EEMapStore.h */ = {isa = PBXFileReference; fileEncoding = 4; lastKnownFileType = sourcecode.c.h; path = EEMapStore.h; sourceTree = "<group>"; };
		EB0BB638197593330036DBC8 /* EEMapStore.m */ = {isa = PBXFileReference; fileEncoding = 4; lastKnownFileType = sourcecode.c.objc; path = EEMapStore.m; sourceTree = "<group>"; };
		EB0D3D6A198AB7B000F57E81 /* EELoginViewController.m */ = {isa = PBXFileReference; fileEncoding = 4; lastKnownFileType = sourcecode.c.objc; path = EELoginViewController.m; sourceTree = "<group>"; };
		EB12925F198FF5C90094CCF8 /* FBShareButton.png */ = {isa = PBXFileReference; lastKnownFileType = image.png; path = FBShareButton.png; sourceTree = "<group>"; };
		EB1EF2CD1988700E00EADA8C /* Parse.framework */ = {isa = PBXFileReference; lastKnownFileType = wrapper.framework; name = Parse.framework; path = ../../../VendorLib/Parse/Parse.framework; sourceTree = "<group>"; };
		EB1EF2CF1988701C00EADA8C /* FacebookSDK.framework */ = {isa = PBXFileReference; lastKnownFileType = wrapper.framework; name = FacebookSDK.framework; path = ../../SharedFBU2014/FacebookSDK.framework; sourceTree = "<group>"; };
		EB2C48401975F72B00E2C858 /* EESavedMapViewController.h */ = {isa = PBXFileReference; fileEncoding = 4; lastKnownFileType = sourcecode.c.h; path = EESavedMapViewController.h; sourceTree = "<group>"; };
		EB2C48411975F72B00E2C858 /* EESavedMapViewController.m */ = {isa = PBXFileReference; fileEncoding = 4; lastKnownFileType = sourcecode.c.objc; path = EESavedMapViewController.m; sourceTree = "<group>"; };
		EB2C48421975F72B00E2C858 /* EESavedMapViewController.xib */ = {isa = PBXFileReference; fileEncoding = 4; lastKnownFileType = file.xib; path = EESavedMapViewController.xib; sourceTree = "<group>"; };
		EB2CE882197ED26900FD514B /* EEAnnotationView.h */ = {isa = PBXFileReference; fileEncoding = 4; lastKnownFileType = sourcecode.c.h; path = EEAnnotationView.h; sourceTree = "<group>"; };
		EB2CE883197ED26900FD514B /* EEAnnotationView.m */ = {isa = PBXFileReference; fileEncoding = 4; lastKnownFileType = sourcecode.c.objc; path = EEAnnotationView.m; sourceTree = "<group>"; };
		EB33AFCC1988030100F14E85 /* EELoginViewController.h */ = {isa = PBXFileReference; fileEncoding = 4; lastKnownFileType = sourcecode.c.h; path = EELoginViewController.h; sourceTree = "<group>"; };
		EB3DBF431982D47400A9C287 /* EEPinAnnotationView.h */ = {isa = PBXFileReference; fileEncoding = 4; lastKnownFileType = sourcecode.c.h; path = EEPinAnnotationView.h; sourceTree = "<group>"; };
		EB3DBF441982D47400A9C287 /* EEPinAnnotationView.m */ = {isa = PBXFileReference; fileEncoding = 4; lastKnownFileType = sourcecode.c.objc; path = EEPinAnnotationView.m; sourceTree = "<group>"; };
		EB3E35501981B0AB0015DA25 /* EEDetailImageViewController.h */ = {isa = PBXFileReference; fileEncoding = 4; lastKnownFileType = sourcecode.c.h; path = EEDetailImageViewController.h; sourceTree = "<group>"; };
		EB3E35511981B0AB0015DA25 /* EEDetailImageViewController.m */ = {isa = PBXFileReference; fileEncoding = 4; lastKnownFileType = sourcecode.c.objc; path = EEDetailImageViewController.m; sourceTree = "<group>"; };
		EB451D21197DE65E00A4BB25 /* EENoteViewController.h */ = {isa = PBXFileReference; fileEncoding = 4; lastKnownFileType = sourcecode.c.h; path = EENoteViewController.h; sourceTree = "<group>"; };
		EB451D22197DE65E00A4BB25 /* EENoteViewController.xib */ = {isa = PBXFileReference; fileEncoding = 4; lastKnownFileType = file.xib; path = EENoteViewController.xib; sourceTree = "<group>"; };
		EB4CBA341975A27E008366A0 /* EEHomeViewController.h */ = {isa = PBXFileReference; fileEncoding = 4; lastKnownFileType = sourcecode.c.h; path = EEHomeViewController.h; sourceTree = "<group>"; };
		EB4CBA351975A27E008366A0 /* EEHomeViewController.m */ = {isa = PBXFileReference; fileEncoding = 4; lastKnownFileType = sourcecode.c.objc; path = EEHomeViewController.m; sourceTree = "<group>"; };
		EB4CBA771975C4B3008366A0 /* EEMap.h */ = {isa = PBXFileReference; fileEncoding = 4; lastKnownFileType = sourcecode.c.h; path = EEMap.h; sourceTree = "<group>"; };
		EB4CBA781975C4B3008366A0 /* EEMap.m */ = {isa = PBXFileReference; fileEncoding = 4; lastKnownFileType = sourcecode.c.objc; path = EEMap.m; sourceTree = "<group>"; };
		EB5AC1AA1974770C00CBF5C5 /* CoreLocation.framework */ = {isa = PBXFileReference; lastKnownFileType = wrapper.framework; name = CoreLocation.framework; path = System/Library/Frameworks/CoreLocation.framework; sourceTree = SDKROOT; };
		EB5F0844199AB461000E5BF5 /* EECustomTableViewCell.h */ = {isa = PBXFileReference; fileEncoding = 4; lastKnownFileType = sourcecode.c.h; path = EECustomTableViewCell.h; sourceTree = "<group>"; };
		EB5F0845199AB461000E5BF5 /* EECustomTableViewCell.m */ = {isa = PBXFileReference; fileEncoding = 4; lastKnownFileType = sourcecode.c.objc; path = EECustomTableViewCell.m; sourceTree = "<group>"; };
		EB5F084A199AB8DE000E5BF5 /* EEAnnotationsTableViewController.h */ = {isa = PBXFileReference; fileEncoding = 4; lastKnownFileType = sourcecode.c.h; name = EEAnnotationsTableViewController.h; path = ../EEAnnotationsTableViewController.h; sourceTree = "<group>"; };
		EB5F084B199AB8DE000E5BF5 /* EEAnnotationsTableViewController.m */ = {isa = PBXFileReference; fileEncoding = 4; lastKnownFileType = sourcecode.c.objc; name = EEAnnotationsTableViewController.m; path = ../EEAnnotationsTableViewController.m; sourceTree = "<group>"; };
		EB5F084D199AD00F000E5BF5 /* notePlaceholder.png */ = {isa = PBXFileReference; lastKnownFileType = image.png; path = notePlaceholder.png; sourceTree = "<group>"; };
		EB749D23199A8DA7000D7C1A /* mask.png */ = {isa = PBXFileReference; lastKnownFileType = image.png; path = mask.png; sourceTree = "<group>"; };
		EB749D25199A93A5000D7C1A /* star.png */ = {isa = PBXFileReference; lastKnownFileType = image.png; path = star.png; sourceTree = "<group>"; };
		EB7EBB0019884E5B00B291B1 /* AudioToolbox.framework */ = {isa = PBXFileReference; lastKnownFileType = wrapper.framework; name = AudioToolbox.framework; path = System/Library/Frameworks/AudioToolbox.framework; sourceTree = SDKROOT; };
		EB7EBB0219884E6300B291B1 /* Accounts.framework */ = {isa = PBXFileReference; lastKnownFileType = wrapper.framework; name = Accounts.framework; path = System/Library/Frameworks/Accounts.framework; sourceTree = SDKROOT; };
		EB7EBB0419884E6900B291B1 /* AdSupport.framework */ = {isa = PBXFileReference; lastKnownFileType = wrapper.framework; name = AdSupport.framework; path = System/Library/Frameworks/AdSupport.framework; sourceTree = SDKROOT; };
		EB7EBB0619884E6F00B291B1 /* CFNetwork.framework */ = {isa = PBXFileReference; lastKnownFileType = wrapper.framework; name = CFNetwork.framework; path = System/Library/Frameworks/CFNetwork.framework; sourceTree = SDKROOT; };
		EB7EBB0819884E8200B291B1 /* MobileCoreServices.framework */ = {isa = PBXFileReference; lastKnownFileType = wrapper.framework; name = MobileCoreServices.framework; path = System/Library/Frameworks/MobileCoreServices.framework; sourceTree = SDKROOT; };
		EB7EBB0A19884E9100B291B1 /* QuartzCore.framework */ = {isa = PBXFileReference; lastKnownFileType = wrapper.framework; name = QuartzCore.framework; path = System/Library/Frameworks/QuartzCore.framework; sourceTree = SDKROOT; };
		EB7EBB0C19884E9900B291B1 /* Security.framework */ = {isa = PBXFileReference; lastKnownFileType = wrapper.framework; name = Security.framework; path = System/Library/Frameworks/Security.framework; sourceTree = SDKROOT; };
		EB7EBB0E19884EA300B291B1 /* Social.framework */ = {isa = PBXFileReference; lastKnownFileType = wrapper.framework; name = Social.framework; path = System/Library/Frameworks/Social.framework; sourceTree = SDKROOT; };
		EB7EBB1019884EB300B291B1 /* StoreKit.framework */ = {isa = PBXFileReference; lastKnownFileType = wrapper.framework; name = StoreKit.framework; path = System/Library/Frameworks/StoreKit.framework; sourceTree = SDKROOT; };
		EB7EBB1119884EB300B291B1 /* SystemConfiguration.framework */ = {isa = PBXFileReference; lastKnownFileType = wrapper.framework; name = SystemConfiguration.framework; path = System/Library/Frameworks/SystemConfiguration.framework; sourceTree = SDKROOT; };
		EB7EBB141988568000B291B1 /* FBLogin@2x.png */ = {isa = PBXFileReference; lastKnownFileType = image.png; path = "FBLogin@2x.png"; sourceTree = "<group>"; };
		EB9252A7199D256B004AFF4D /* login.png */ = {isa = PBXFileReference; lastKnownFileType = image.png; path = login.png; sourceTree = "<group>"; };
		EB9252A9199D2574004AFF4D /* table.jpg */ = {isa = PBXFileReference; lastKnownFileType = image.jpeg; path = table.jpg; sourceTree = "<group>"; };
		EB9252AB199D25B8004AFF4D /* bcGradient.png */ = {isa = PBXFileReference; lastKnownFileType = image.png; path = bcGradient.png; sourceTree = "<group>"; };
		EB9252AF199D3082004AFF4D /* appIcon.png */ = {isa = PBXFileReference; lastKnownFileType = image.png; path = appIcon.png; sourceTree = "<group>"; };
		EB93DC6E199C51A5005F6C6A /* homeView.jpg */ = {isa = PBXFileReference; lastKnownFileType = image.jpeg; path = homeView.jpg; sourceTree = "<group>"; };
		EB93DC74199C5853005F6C6A /* stats.jpg */ = {isa = PBXFileReference; lastKnownFileType = image.jpeg; path = stats.jpg; sourceTree = "<group>"; };
		EB95F7F619883E6500542FF5 /* EECommunications.h */ = {isa = PBXFileReference; fileEncoding = 4; lastKnownFileType = sourcecode.c.h; path = EECommunications.h; sourceTree = "<group>"; };
		EB95F7F719883E6500542FF5 /* EECommunications.m */ = {isa = PBXFileReference; fileEncoding = 4; lastKnownFileType = sourcecode.c.objc; path = EECommunications.m; sourceTree = "<group>"; };
		EBACAC0F19742DE000DD0D96 /* stalkr.app */ = {isa = PBXFileReference; explicitFileType = wrapper.application; includeInIndex = 0; path = stalkr.app; sourceTree = BUILT_PRODUCTS_DIR; };
		EBACAC1219742DE000DD0D96 /* Foundation.framework */ = {isa = PBXFileReference; lastKnownFileType = wrapper.framework; name = Foundation.framework; path = System/Library/Frameworks/Foundation.framework; sourceTree = SDKROOT; };
		EBACAC1419742DE000DD0D96 /* CoreGraphics.framework */ = {isa = PBXFileReference; lastKnownFileType = wrapper.framework; name = CoreGraphics.framework; path = System/Library/Frameworks/CoreGraphics.framework; sourceTree = SDKROOT; };
		EBACAC1619742DE000DD0D96 /* UIKit.framework */ = {isa = PBXFileReference; lastKnownFileType = wrapper.framework; name = UIKit.framework; path = System/Library/Frameworks/UIKit.framework; sourceTree = SDKROOT; };
		EBACAC1A19742DE000DD0D96 /* stalkr-Info.plist */ = {isa = PBXFileReference; lastKnownFileType = text.plist.xml; path = "stalkr-Info.plist"; sourceTree = "<group>"; };
		EBACAC1C19742DE000DD0D96 /* en */ = {isa = PBXFileReference; lastKnownFileType = text.plist.strings; name = en; path = en.lproj/InfoPlist.strings; sourceTree = "<group>"; };
		EBACAC1E19742DE000DD0D96 /* main.m */ = {isa = PBXFileReference; lastKnownFileType = sourcecode.c.objc; path = main.m; sourceTree = "<group>"; };
		EBACAC2019742DE000DD0D96 /* stalkr-Prefix.pch */ = {isa = PBXFileReference; lastKnownFileType = sourcecode.c.h; path = "stalkr-Prefix.pch"; sourceTree = "<group>"; };
		EBACAC2119742DE000DD0D96 /* EEAppDelegate.h */ = {isa = PBXFileReference; lastKnownFileType = sourcecode.c.h; path = EEAppDelegate.h; sourceTree = "<group>"; };
		EBACAC2219742DE000DD0D96 /* EEAppDelegate.m */ = {isa = PBXFileReference; lastKnownFileType = sourcecode.c.objc; path = EEAppDelegate.m; sourceTree = "<group>"; };
		EBACAC2419742DE000DD0D96 /* Images.xcassets */ = {isa = PBXFileReference; lastKnownFileType = folder.assetcatalog; path = Images.xcassets; sourceTree = "<group>"; };
		EBACAC2A19742DE000DD0D96 /* stalkrTests.xctest */ = {isa = PBXFileReference; explicitFileType = wrapper.cfbundle; includeInIndex = 0; path = stalkrTests.xctest; sourceTree = BUILT_PRODUCTS_DIR; };
		EBACAC2B19742DE000DD0D96 /* XCTest.framework */ = {isa = PBXFileReference; lastKnownFileType = wrapper.framework; name = XCTest.framework; path = Library/Frameworks/XCTest.framework; sourceTree = DEVELOPER_DIR; };
		EBACAC3319742DE000DD0D96 /* stalkrTests-Info.plist */ = {isa = PBXFileReference; lastKnownFileType = text.plist.xml; path = "stalkrTests-Info.plist"; sourceTree = "<group>"; };
		EBACAC3519742DE000DD0D96 /* en */ = {isa = PBXFileReference; lastKnownFileType = text.plist.strings; name = en; path = en.lproj/InfoPlist.strings; sourceTree = "<group>"; };
		EBACAC3719742DE000DD0D96 /* MapJourneyTests.m */ = {isa = PBXFileReference; lastKnownFileType = sourcecode.c.objc; path = MapJourneyTests.m; sourceTree = "<group>"; };
		EBACAC4119742DF600DD0D96 /* EEMapViewController.h */ = {isa = PBXFileReference; fileEncoding = 4; lastKnownFileType = sourcecode.c.h; path = EEMapViewController.h; sourceTree = "<group>"; };
		EBACAC4219742DF600DD0D96 /* EEMapViewController.m */ = {isa = PBXFileReference; fileEncoding = 4; lastKnownFileType = sourcecode.c.objc; path = EEMapViewController.m; sourceTree = "<group>"; };
		EBACAC4319742DF600DD0D96 /* EEMapViewController.xib */ = {isa = PBXFileReference; fileEncoding = 4; lastKnownFileType = file.xib; path = EEMapViewController.xib; sourceTree = "<group>"; };
		EBACAC4619742F3100DD0D96 /* MapKit.framework */ = {isa = PBXFileReference; lastKnownFileType = wrapper.framework; name = MapKit.framework; path = System/Library/Frameworks/MapKit.framework; sourceTree = SDKROOT; };
		EBFD04FA1999D78700B68C0C /* startButton.png */ = {isa = PBXFileReference; lastKnownFileType = image.png; path = startButton.png; sourceTree = "<group>"; };
		EBFD04FC1999D78D00B68C0C /* stopButton.png */ = {isa = PBXFileReference; lastKnownFileType = image.png; path = stopButton.png; sourceTree = "<group>"; };
/* End PBXFileReference section */

/* Begin PBXFrameworksBuildPhase section */
		EBACAC0C19742DE000DD0D96 /* Frameworks */ = {
			isa = PBXFrameworksBuildPhase;
			buildActionMask = 2147483647;
			files = (
				EB1EF2D01988701C00EADA8C /* FacebookSDK.framework in Frameworks */,
				EB1EF2CE1988700E00EADA8C /* Parse.framework in Frameworks */,
				EB7EBB1219884EB300B291B1 /* StoreKit.framework in Frameworks */,
				EB7EBB1319884EB300B291B1 /* SystemConfiguration.framework in Frameworks */,
				EB7EBB0F19884EA300B291B1 /* Social.framework in Frameworks */,
				EB7EBB0D19884E9900B291B1 /* Security.framework in Frameworks */,
				EB7EBB0B19884E9100B291B1 /* QuartzCore.framework in Frameworks */,
				EB7EBB0919884E8200B291B1 /* MobileCoreServices.framework in Frameworks */,
				EB7EBB0719884E6F00B291B1 /* CFNetwork.framework in Frameworks */,
				EB7EBB0519884E6900B291B1 /* AdSupport.framework in Frameworks */,
				EB7EBB0319884E6300B291B1 /* Accounts.framework in Frameworks */,
				EB7EBB0119884E5B00B291B1 /* AudioToolbox.framework in Frameworks */,
				EB088E611978820B0025D62A /* ImageIO.framework in Frameworks */,
				EB088E5C1978345D0025D62A /* AssetsLibrary.framework in Frameworks */,
				EB5AC1AB1974770C00CBF5C5 /* CoreLocation.framework in Frameworks */,
				EBACAC4719742F3100DD0D96 /* MapKit.framework in Frameworks */,
				EBACAC1519742DE000DD0D96 /* CoreGraphics.framework in Frameworks */,
				EBACAC1719742DE000DD0D96 /* UIKit.framework in Frameworks */,
				EBACAC1319742DE000DD0D96 /* Foundation.framework in Frameworks */,
			);
			runOnlyForDeploymentPostprocessing = 0;
		};
		EBACAC2719742DE000DD0D96 /* Frameworks */ = {
			isa = PBXFrameworksBuildPhase;
			buildActionMask = 2147483647;
			files = (
				EBACAC2C19742DE000DD0D96 /* XCTest.framework in Frameworks */,
				EBACAC2E19742DE000DD0D96 /* UIKit.framework in Frameworks */,
				EBACAC2D19742DE000DD0D96 /* Foundation.framework in Frameworks */,
			);
			runOnlyForDeploymentPostprocessing = 0;
		};
/* End PBXFrameworksBuildPhase section */

/* Begin PBXGroup section */
		EBACAC0619742DE000DD0D96 = {
			isa = PBXGroup;
			children = (
				EB33AFCC1988030100F14E85 /* EELoginViewController.h */,
				EB0D3D6A198AB7B000F57E81 /* EELoginViewController.m */,
				36B5E082198330C000A810BB /* EEStatsViewController.xib */,
				EB5F0844199AB461000E5BF5 /* EECustomTableViewCell.h */,
				EB5F0845199AB461000E5BF5 /* EECustomTableViewCell.m */,
				EB3E35501981B0AB0015DA25 /* EEDetailImageViewController.h */,
				EB3E35511981B0AB0015DA25 /* EEDetailImageViewController.m */,
				EBACAC4119742DF600DD0D96 /* EEMapViewController.h */,
				EBACAC4219742DF600DD0D96 /* EEMapViewController.m */,
				EBACAC4319742DF600DD0D96 /* EEMapViewController.xib */,
				36B5E0841983550500A810BB /* EELocationManager.h */,
				36B5E0851983550500A810BB /* EELocationManager.m */,
				EB3DBF431982D47400A9C287 /* EEPinAnnotationView.h */,
				EB3DBF441982D47400A9C287 /* EEPinAnnotationView.m */,
				EB451D21197DE65E00A4BB25 /* EENoteViewController.h */,
				36599CC61977004100463EC9 /* EENoteViewController.m */,
				EB451D22197DE65E00A4BB25 /* EENoteViewController.xib */,
				36599CD719784D6000463EC9 /* EEAnnotation.h */,
				36599CD819784D6000463EC9 /* EEAnnotation.m */,
				36599CDF1979B57700463EC9 /* EEStatsViewController.h */,
				36599CE01979B57700463EC9 /* EEStatsViewController.m */,
				EB2C48401975F72B00E2C858 /* EESavedMapViewController.h */,
				EB2C48411975F72B00E2C858 /* EESavedMapViewController.m */,
				EB2C48421975F72B00E2C858 /* EESavedMapViewController.xib */,
				EBACAC1819742DE000DD0D96 /* MapJourney */,
				EBACAC3119742DE000DD0D96 /* MapJourneyTests */,
				EBACAC1119742DE000DD0D96 /* Frameworks */,
				EBACAC1019742DE000DD0D96 /* Products */,
			);
			sourceTree = "<group>";
		};
		EBACAC1019742DE000DD0D96 /* Products */ = {
			isa = PBXGroup;
			children = (
				EBACAC0F19742DE000DD0D96 /* stalkr.app */,
				EBACAC2A19742DE000DD0D96 /* stalkrTests.xctest */,
			);
			name = Products;
			sourceTree = "<group>";
		};
		EBACAC1119742DE000DD0D96 /* Frameworks */ = {
			isa = PBXGroup;
			children = (
				EB1EF2CF1988701C00EADA8C /* FacebookSDK.framework */,
				EB1EF2CD1988700E00EADA8C /* Parse.framework */,
				EB7EBB1019884EB300B291B1 /* StoreKit.framework */,
				EB7EBB1119884EB300B291B1 /* SystemConfiguration.framework */,
				EB7EBB0E19884EA300B291B1 /* Social.framework */,
				EB7EBB0C19884E9900B291B1 /* Security.framework */,
				EB7EBB0A19884E9100B291B1 /* QuartzCore.framework */,
				EB7EBB0819884E8200B291B1 /* MobileCoreServices.framework */,
				EB7EBB0619884E6F00B291B1 /* CFNetwork.framework */,
				EB7EBB0419884E6900B291B1 /* AdSupport.framework */,
				EB7EBB0219884E6300B291B1 /* Accounts.framework */,
				EB7EBB0019884E5B00B291B1 /* AudioToolbox.framework */,
				EB088E601978820B0025D62A /* ImageIO.framework */,
				EB088E5B1978345D0025D62A /* AssetsLibrary.framework */,
				EB5AC1AA1974770C00CBF5C5 /* CoreLocation.framework */,
				EBACAC4619742F3100DD0D96 /* MapKit.framework */,
				EBACAC1219742DE000DD0D96 /* Foundation.framework */,
				EBACAC1419742DE000DD0D96 /* CoreGraphics.framework */,
				EBACAC1619742DE000DD0D96 /* UIKit.framework */,
				EBACAC2B19742DE000DD0D96 /* XCTest.framework */,
			);
			name = Frameworks;
			sourceTree = "<group>";
		};
		EBACAC1819742DE000DD0D96 /* MapJourney */ = {
			isa = PBXGroup;
			children = (
				EBACAC2119742DE000DD0D96 /* EEAppDelegate.h */,
				EBACAC2219742DE000DD0D96 /* EEAppDelegate.m */,
				EB95F7F619883E6500542FF5 /* EECommunications.h */,
				EB95F7F719883E6500542FF5 /* EECommunications.m */,
				EB0BB637197593330036DBC8 /* EEMapStore.h */,
				EB0BB638197593330036DBC8 /* EEMapStore.m */,
				EB4CBA771975C4B3008366A0 /* EEMap.h */,
				EB4CBA781975C4B3008366A0 /* EEMap.m */,
				EB5F084A199AB8DE000E5BF5 /* EEAnnotationsTableViewController.h */,
				EB5F084B199AB8DE000E5BF5 /* EEAnnotationsTableViewController.m */,
				EB088E5D197840350025D62A /* EEMapsTableViewController.h */,
				EB088E5E197840350025D62A /* EEMapsTableViewController.m */,
				EB2CE882197ED26900FD514B /* EEAnnotationView.h */,
				EB2CE883197ED26900FD514B /* EEAnnotationView.m */,
				EB4CBA341975A27E008366A0 /* EEHomeViewController.h */,
				EB4CBA351975A27E008366A0 /* EEHomeViewController.m */,
				EBACAC2419742DE000DD0D96 /* Images.xcassets */,
				EBACAC1919742DE000DD0D96 /* Supporting Files */,
			);
			path = MapJourney;
			sourceTree = "<group>";
		};
		EBACAC1919742DE000DD0D96 /* Supporting Files */ = {
			isa = PBXGroup;
			children = (
				EB9252A7199D256B004AFF4D /* login.png */,
				EB93DC6E199C51A5005F6C6A /* homeView.jpg */,
				EB9252AB199D25B8004AFF4D /* bcGradient.png */,
				EB93DC74199C5853005F6C6A /* stats.jpg */,
				EB9252A9199D2574004AFF4D /* table.jpg */,
				EB5F084D199AD00F000E5BF5 /* notePlaceholder.png */,
				363277CA199AB25F00FFD3D2 /* noteIcon.png */,
				363277C8199AB24E00FFD3D2 /* camera.png */,
				EBFD04FA1999D78700B68C0C /* startButton.png */,
				EBFD04FC1999D78D00B68C0C /* stopButton.png */,
				EB749D23199A8DA7000D7C1A /* mask.png */,
				EB749D25199A93A5000D7C1A /* star.png */,
				EB9252AF199D3082004AFF4D /* appIcon.png */,
				EBACAC1A19742DE000DD0D96 /* stalkr-Info.plist */,
				EBACAC1B19742DE000DD0D96 /* InfoPlist.strings */,
				EBACAC1E19742DE000DD0D96 /* main.m */,
				EB7EBB141988568000B291B1 /* FBLogin@2x.png */,
				EB12925F198FF5C90094CCF8 /* FBShareButton.png */,
				EBACAC2019742DE000DD0D96 /* stalkr-Prefix.pch */,
			);
			name = "Supporting Files";
			sourceTree = "<group>";
		};
		EBACAC3119742DE000DD0D96 /* MapJourneyTests */ = {
			isa = PBXGroup;
			children = (
				EBACAC3719742DE000DD0D96 /* MapJourneyTests.m */,
				EBACAC3219742DE000DD0D96 /* Supporting Files */,
			);
			path = MapJourneyTests;
			sourceTree = "<group>";
		};
		EBACAC3219742DE000DD0D96 /* Supporting Files */ = {
			isa = PBXGroup;
			children = (
				EBACAC3319742DE000DD0D96 /* stalkrTests-Info.plist */,
				EBACAC3419742DE000DD0D96 /* InfoPlist.strings */,
			);
			name = "Supporting Files";
			sourceTree = "<group>";
		};
/* End PBXGroup section */

/* Begin PBXNativeTarget section */
		EBACAC0E19742DE000DD0D96 /* stalkr */ = {
			isa = PBXNativeTarget;
			buildConfigurationList = EBACAC3B19742DE000DD0D96 /* Build configuration list for PBXNativeTarget "stalkr" */;
			buildPhases = (
				EBACAC0B19742DE000DD0D96 /* Sources */,
				EBACAC0C19742DE000DD0D96 /* Frameworks */,
				EBACAC0D19742DE000DD0D96 /* Resources */,
			);
			buildRules = (
			);
			dependencies = (
			);
			name = stalkr;
			productName = MapJourney;
			productReference = EBACAC0F19742DE000DD0D96 /* stalkr.app */;
			productType = "com.apple.product-type.application";
		};
		EBACAC2919742DE000DD0D96 /* stalkrTests */ = {
			isa = PBXNativeTarget;
			buildConfigurationList = EBACAC3E19742DE000DD0D96 /* Build configuration list for PBXNativeTarget "stalkrTests" */;
			buildPhases = (
				EBACAC2619742DE000DD0D96 /* Sources */,
				EBACAC2719742DE000DD0D96 /* Frameworks */,
				EBACAC2819742DE000DD0D96 /* Resources */,
			);
			buildRules = (
			);
			dependencies = (
				EBACAC3019742DE000DD0D96 /* PBXTargetDependency */,
			);
			name = stalkrTests;
			productName = MapJourneyTests;
			productReference = EBACAC2A19742DE000DD0D96 /* stalkrTests.xctest */;
			productType = "com.apple.product-type.bundle.unit-test";
		};
/* End PBXNativeTarget section */

/* Begin PBXProject section */
		EBACAC0719742DE000DD0D96 /* Project object */ = {
			isa = PBXProject;
			attributes = {
				CLASSPREFIX = EE;
				LastUpgradeCheck = 0510;
				ORGANIZATIONNAME = None;
				TargetAttributes = {
					EBACAC0E19742DE000DD0D96 = {
						DevelopmentTeam = LCH26UBDMW;
					};
					EBACAC2919742DE000DD0D96 = {
						TestTargetID = EBACAC0E19742DE000DD0D96;
					};
				};
			};
			buildConfigurationList = EBACAC0A19742DE000DD0D96 /* Build configuration list for PBXProject "stalkr" */;
			compatibilityVersion = "Xcode 3.2";
			developmentRegion = English;
			hasScannedForEncodings = 0;
			knownRegions = (
				en,
			);
			mainGroup = EBACAC0619742DE000DD0D96;
			productRefGroup = EBACAC1019742DE000DD0D96 /* Products */;
			projectDirPath = "";
			projectRoot = "";
			targets = (
				EBACAC0E19742DE000DD0D96 /* stalkr */,
				EBACAC2919742DE000DD0D96 /* stalkrTests */,
			);
		};
/* End PBXProject section */

/* Begin PBXResourcesBuildPhase section */
		EBACAC0D19742DE000DD0D96 /* Resources */ = {
			isa = PBXResourcesBuildPhase;
			buildActionMask = 2147483647;
			files = (
				EB451D23197DE65E00A4BB25 /* EENoteViewController.xib in Resources */,
				36B5E083198330C000A810BB /* EEStatsViewController.xib in Resources */,
				EB9252B0199D3082004AFF4D /* appIcon.png in Resources */,
				EB129260198FF5C90094CCF8 /* FBShareButton.png in Resources */,
				EBACAC1D19742DE000DD0D96 /* InfoPlist.strings in Resources */,
				EB9252AA199D2574004AFF4D /* table.jpg in Resources */,
				EBACAC2519742DE000DD0D96 /* Images.xcassets in Resources */,
				EB7EBB151988568000B291B1 /* FBLogin@2x.png in Resources */,
				EB9252A8199D256B004AFF4D /* login.png in Resources */,
				EBACAC4519742DF600DD0D96 /* EEMapViewController.xib in Resources */,
				EBFD04FB1999D78700B68C0C /* startButton.png in Resources */,
				EB2C48441975F72B00E2C858 /* EESavedMapViewController.xib in Resources */,
				EB749D26199A93A5000D7C1A /* star.png in Resources */,
				EB9252AC199D25B8004AFF4D /* bcGradient.png in Resources */,
				EB93DC6F199C51A5005F6C6A /* homeView.jpg in Resources */,
				363277CB199AB25F00FFD3D2 /* noteIcon.png in Resources */,
				363277C9199AB24E00FFD3D2 /* camera.png in Resources */,
				EBFD04FD1999D78D00B68C0C /* stopButton.png in Resources */,
				EB749D24199A8DA7000D7C1A /* mask.png in Resources */,
				EB5F084E199AD00F000E5BF5 /* notePlaceholder.png in Resources */,
				EB93DC75199C5853005F6C6A /* stats.jpg in Resources */,
			);
			runOnlyForDeploymentPostprocessing = 0;
		};
		EBACAC2819742DE000DD0D96 /* Resources */ = {
			isa = PBXResourcesBuildPhase;
			buildActionMask = 2147483647;
			files = (
				EBACAC3619742DE000DD0D96 /* InfoPlist.strings in Resources */,
			);
			runOnlyForDeploymentPostprocessing = 0;
		};
/* End PBXResourcesBuildPhase section */

/* Begin PBXSourcesBuildPhase section */
		EBACAC0B19742DE000DD0D96 /* Sources */ = {
			isa = PBXSourcesBuildPhase;
			buildActionMask = 2147483647;
			files = (
				EB3DBF451982D47400A9C287 /* EEPinAnnotationView.m in Sources */,
				EB088E5F197840350025D62A /* EEMapsTableViewController.m in Sources */,
				EB5F084C199AB8DE000E5BF5 /* EEAnnotationsTableViewController.m in Sources */,
				36599CC81977004100463EC9 /* EENoteViewController.m in Sources */,
				EB4CBA791975C4B3008366A0 /* EEMap.m in Sources */,
				EB0D3D6B198AB7B000F57E81 /* EELoginViewController.m in Sources */,
				EB3E35521981B0AB0015DA25 /* EEDetailImageViewController.m in Sources */,
				EB4CBA371975A27E008366A0 /* EEHomeViewController.m in Sources */,
				EB0BB639197593330036DBC8 /* EEMapStore.m in Sources */,
				EB95F7F819883E6500542FF5 /* EECommunications.m in Sources */,
				36599CE21979B57700463EC9 /* EEStatsViewController.m in Sources */,
				EBACAC2319742DE000DD0D96 /* EEAppDelegate.m in Sources */,
				36599CD919784D6000463EC9 /* EEAnnotation.m in Sources */,
				EBACAC1F19742DE000DD0D96 /* main.m in Sources */,
				EB2CE884197ED26900FD514B /* EEAnnotationView.m in Sources */,
				36B5E0861983550500A810BB /* EELocationManager.m in Sources */,
				EBACAC4419742DF600DD0D96 /* EEMapViewController.m in Sources */,
				EB5F0846199AB461000E5BF5 /* EECustomTableViewCell.m in Sources */,
				EB2C48431975F72B00E2C858 /* EESavedMapViewController.m in Sources */,
			);
			runOnlyForDeploymentPostprocessing = 0;
		};
		EBACAC2619742DE000DD0D96 /* Sources */ = {
			isa = PBXSourcesBuildPhase;
			buildActionMask = 2147483647;
			files = (
				EBACAC3819742DE000DD0D96 /* MapJourneyTests.m in Sources */,
			);
			runOnlyForDeploymentPostprocessing = 0;
		};
/* End PBXSourcesBuildPhase section */

/* Begin PBXTargetDependency section */
		EBACAC3019742DE000DD0D96 /* PBXTargetDependency */ = {
			isa = PBXTargetDependency;
			target = EBACAC0E19742DE000DD0D96 /* stalkr */;
			targetProxy = EBACAC2F19742DE000DD0D96 /* PBXContainerItemProxy */;
		};
/* End PBXTargetDependency section */

/* Begin PBXVariantGroup section */
		EBACAC1B19742DE000DD0D96 /* InfoPlist.strings */ = {
			isa = PBXVariantGroup;
			children = (
				EBACAC1C19742DE000DD0D96 /* en */,
			);
			name = InfoPlist.strings;
			sourceTree = "<group>";
		};
		EBACAC3419742DE000DD0D96 /* InfoPlist.strings */ = {
			isa = PBXVariantGroup;
			children = (
				EBACAC3519742DE000DD0D96 /* en */,
			);
			name = InfoPlist.strings;
			sourceTree = "<group>";
		};
/* End PBXVariantGroup section */

/* Begin XCBuildConfiguration section */
		EBACAC3919742DE000DD0D96 /* Debug */ = {
			isa = XCBuildConfiguration;
			buildSettings = {
				ALWAYS_SEARCH_USER_PATHS = NO;
				CLANG_CXX_LANGUAGE_STANDARD = "gnu++0x";
				CLANG_CXX_LIBRARY = "libc++";
				CLANG_ENABLE_MODULES = YES;
				CLANG_ENABLE_OBJC_ARC = YES;
				CLANG_WARN_BOOL_CONVERSION = YES;
				CLANG_WARN_CONSTANT_CONVERSION = YES;
				CLANG_WARN_DIRECT_OBJC_ISA_USAGE = YES_ERROR;
				CLANG_WARN_EMPTY_BODY = YES;
				CLANG_WARN_ENUM_CONVERSION = YES;
				CLANG_WARN_INT_CONVERSION = YES;
				CLANG_WARN_OBJC_ROOT_CLASS = YES_ERROR;
				CLANG_WARN__DUPLICATE_METHOD_MATCH = YES;
				"CODE_SIGN_IDENTITY[sdk=*]" = "Parse Push App Development Profile";
				"CODE_SIGN_IDENTITY[sdk=iphoneos*]" = "Parse Push App Development Profile";
				COPY_PHASE_STRIP = NO;
				GCC_C_LANGUAGE_STANDARD = gnu99;
				GCC_DYNAMIC_NO_PIC = NO;
				GCC_OPTIMIZATION_LEVEL = 0;
				GCC_PREPROCESSOR_DEFINITIONS = (
					"DEBUG=1",
					"$(inherited)",
				);
				GCC_SYMBOLS_PRIVATE_EXTERN = NO;
				GCC_WARN_64_TO_32_BIT_CONVERSION = YES;
				GCC_WARN_ABOUT_RETURN_TYPE = YES_ERROR;
				GCC_WARN_UNDECLARED_SELECTOR = YES;
				GCC_WARN_UNINITIALIZED_AUTOS = YES_AGGRESSIVE;
				GCC_WARN_UNUSED_FUNCTION = YES;
				GCC_WARN_UNUSED_VARIABLE = YES;
				IPHONEOS_DEPLOYMENT_TARGET = 7.1;
				ONLY_ACTIVE_ARCH = YES;
				SDKROOT = iphoneos;
			};
			name = Debug;
		};
		EBACAC3A19742DE000DD0D96 /* Release */ = {
			isa = XCBuildConfiguration;
			buildSettings = {
				ALWAYS_SEARCH_USER_PATHS = NO;
				CLANG_CXX_LANGUAGE_STANDARD = "gnu++0x";
				CLANG_CXX_LIBRARY = "libc++";
				CLANG_ENABLE_MODULES = YES;
				CLANG_ENABLE_OBJC_ARC = YES;
				CLANG_WARN_BOOL_CONVERSION = YES;
				CLANG_WARN_CONSTANT_CONVERSION = YES;
				CLANG_WARN_DIRECT_OBJC_ISA_USAGE = YES_ERROR;
				CLANG_WARN_EMPTY_BODY = YES;
				CLANG_WARN_ENUM_CONVERSION = YES;
				CLANG_WARN_INT_CONVERSION = YES;
				CLANG_WARN_OBJC_ROOT_CLASS = YES_ERROR;
				CLANG_WARN__DUPLICATE_METHOD_MATCH = YES;
				CODE_SIGN_IDENTITY = "Parse Push App Development Profile";
				"CODE_SIGN_IDENTITY[sdk=iphoneos*]" = "Parse Push App Development Profile";
				COPY_PHASE_STRIP = YES;
				ENABLE_NS_ASSERTIONS = NO;
				GCC_C_LANGUAGE_STANDARD = gnu99;
				GCC_WARN_64_TO_32_BIT_CONVERSION = YES;
				GCC_WARN_ABOUT_RETURN_TYPE = YES_ERROR;
				GCC_WARN_UNDECLARED_SELECTOR = YES;
				GCC_WARN_UNINITIALIZED_AUTOS = YES_AGGRESSIVE;
				GCC_WARN_UNUSED_FUNCTION = YES;
				GCC_WARN_UNUSED_VARIABLE = YES;
				IPHONEOS_DEPLOYMENT_TARGET = 7.1;
				SDKROOT = iphoneos;
				VALIDATE_PRODUCT = YES;
			};
			name = Release;
		};
		EBACAC3C19742DE000DD0D96 /* Debug */ = {
			isa = XCBuildConfiguration;
			buildSettings = {
				ASSETCATALOG_COMPILER_LAUNCHIMAGE_NAME = LaunchImage;
				CODE_SIGN_IDENTITY = "iPhone Developer";
				"CODE_SIGN_IDENTITY[sdk=*]" = "Parse Push App Development Profile";
				"CODE_SIGN_IDENTITY[sdk=iphoneos*]" = "Parse Push App Development Profile";
				FRAMEWORK_SEARCH_PATHS = (
					"$(inherited)",
					"$(SRCROOT)/../../../VendorLib/Parse",
					"$(SRCROOT)/../../../Users/SharedFBU2014",
				);
				GCC_PRECOMPILE_PREFIX_HEADER = YES;
				GCC_PREFIX_HEADER = "MapJourney/stalkr-Prefix.pch";
				INFOPLIST_FILE = "MapJourney/stalkr-Info.plist";
				PRODUCT_NAME = stalkr;
				PROVISIONING_PROFILE = "73487E1D-EC04-4C6D-B716-75FE883C8409";
				WRAPPER_EXTENSION = app;
			};
			name = Debug;
		};
		EBACAC3D19742DE000DD0D96 /* Release */ = {
			isa = XCBuildConfiguration;
			buildSettings = {
				ASSETCATALOG_COMPILER_LAUNCHIMAGE_NAME = LaunchImage;
				CODE_SIGN_IDENTITY = "Parse Push App Development Profile";
				"CODE_SIGN_IDENTITY[sdk=iphoneos*]" = "Parse Push App Development Profile";
				FRAMEWORK_SEARCH_PATHS = (
					"$(inherited)",
					"$(SRCROOT)/../../../VendorLib/Parse",
					"$(SRCROOT)/../../../Users/SharedFBU2014",
				);
				GCC_PRECOMPILE_PREFIX_HEADER = YES;
				GCC_PREFIX_HEADER = "MapJourney/stalkr-Prefix.pch";
				INFOPLIST_FILE = "MapJourney/stalkr-Info.plist";
				PRODUCT_NAME = stalkr;
				PROVISIONING_PROFILE = "73487E1D-EC04-4C6D-B716-75FE883C8409";
				WRAPPER_EXTENSION = app;
			};
			name = Release;
		};
		EBACAC3F19742DE000DD0D96 /* Debug */ = {
			isa = XCBuildConfiguration;
			buildSettings = {
				BUNDLE_LOADER = "$(BUILT_PRODUCTS_DIR)/MapJourney.app/MapJourney";
				FRAMEWORK_SEARCH_PATHS = (
					"$(SDKROOT)/Developer/Library/Frameworks",
					"$(inherited)",
					"$(DEVELOPER_FRAMEWORKS_DIR)",
				);
				GCC_PRECOMPILE_PREFIX_HEADER = YES;
				GCC_PREFIX_HEADER = "MapJourney/MapJourney-Prefix.pch";
				GCC_PREPROCESSOR_DEFINITIONS = (
					"DEBUG=1",
					"$(inherited)",
				);
				INFOPLIST_FILE = "MapJourneyTests/stalkrTests-Info.plist";
				PRODUCT_NAME = stalkrTests;
				TEST_HOST = "$(BUNDLE_LOADER)";
				WRAPPER_EXTENSION = xctest;
			};
			name = Debug;
		};
		EBACAC4019742DE000DD0D96 /* Release */ = {
			isa = XCBuildConfiguration;
			buildSettings = {
				BUNDLE_LOADER = "$(BUILT_PRODUCTS_DIR)/MapJourney.app/MapJourney";
				FRAMEWORK_SEARCH_PATHS = (
					"$(SDKROOT)/Developer/Library/Frameworks",
					"$(inherited)",
					"$(DEVELOPER_FRAMEWORKS_DIR)",
				);
				GCC_PRECOMPILE_PREFIX_HEADER = YES;
				GCC_PREFIX_HEADER = "MapJourney/MapJourney-Prefix.pch";
				INFOPLIST_FILE = "MapJourneyTests/stalkrTests-Info.plist";
				PRODUCT_NAME = stalkrTests;
				TEST_HOST = "$(BUNDLE_LOADER)";
				WRAPPER_EXTENSION = xctest;
			};
			name = Release;
		};
/* End XCBuildConfiguration section */

/* Begin XCConfigurationList section */
		EBACAC0A19742DE000DD0D96 /* Build configuration list for PBXProject "stalkr" */ = {
			isa = XCConfigurationList;
			buildConfigurations = (
				EBACAC3919742DE000DD0D96 /* Debug */,
				EBACAC3A19742DE000DD0D96 /* Release */,
			);
			defaultConfigurationIsVisible = 0;
			defaultConfigurationName = Release;
		};
		EBACAC3B19742DE000DD0D96 /* Build configuration list for PBXNativeTarget "stalkr" */ = {
			isa = XCConfigurationList;
			buildConfigurations = (
				EBACAC3C19742DE000DD0D96 /* Debug */,
				EBACAC3D19742DE000DD0D96 /* Release */,
			);
			defaultConfigurationIsVisible = 0;
			defaultConfigurationName = Release;
		};
		EBACAC3E19742DE000DD0D96 /* Build configuration list for PBXNativeTarget "stalkrTests" */ = {
			isa = XCConfigurationList;
			buildConfigurations = (
				EBACAC3F19742DE000DD0D96 /* Debug */,
				EBACAC4019742DE000DD0D96 /* Release */,
			);
			defaultConfigurationIsVisible = 0;
			defaultConfigurationName = Release;
		};
/* End XCConfigurationList section */
	};
	rootObject = EBACAC0719742DE000DD0D96 /* Project object */;
}
